{
  "version": 4,
  "terraform_version": "1.3.10",
  "serial": 7,
  "lineage": "e315db78-588a-13ab-b903-408ca62fb9ae",
  "outputs": {
    "filename": {
      "value": "3a750fe213e4547bd8b519f346ad1c456631ef0c",
      "type": "string"
    }
  },
  "resources": [
    {
      "mode": "managed",
      "type": "local_file",
      "name": "writer",
      "provider": "provider[\"registry.terraform.io/hashicorp/local\"]",
      "instances": [
        {
          "schema_version": 0,
          "attributes": {
            "content": "RWt3x3-dG=",
            "content_base64": null,
            "content_base64sha256": "jVags6KEYcEsrQUSwVhzdSCtCnFti+1vV73QJFBUg0c=",
            "content_base64sha512": "puLv/OFMUb9GqB1PMFaktTk3qxVY1O4h/lhN4sG0MXd8F3RTwn7drRpk1wTNqCsOEjMPxI14JY707w2ihiiOOw==",
            "content_md5": "972ba12b35648fe4271e0215244696f3",
            "content_sha1": "3a750fe213e4547bd8b519f346ad1c456631ef0c",
            "content_sha256": "8d56a0b3a28461c12cad0512c158737520ad0a716d8bed6f57bdd02450548347",
            "content_sha512": "a6e2effce14c51bf46a81d4f3056a4b53937ab1558d4ee21fe584de2c1b431777c177453c27eddad1a64d704cda82b0e12330fc48d78258ef4ef0da286288e3b",
            "directory_permission": "0777",
            "file_permission": "0777",
            "filename": "output.txt",
            "id": "3a750fe213e4547bd8b519f346ad1c456631ef0c",
            "sensitive_content": null,
            "source": null
          },
          "sensitive_attributes": [
            [
              {
                "type": "get_attr",
                "value": "content"
              }
            ]
          ],
          "dependencies": [
            "random_password.password_generator"
          ]
        }
      ]
    },
    {
      "mode": "managed",
      "type": "random_password",
      "name": "password_generator",
      "provider": "provider[\"registry.terraform.io/hashicorp/random\"]",
      "instances": [
        {
          "schema_version": 3,
          "attributes": {
            "bcrypt_hash": "$2a$10$bhEDcqSUyxGdsK5AmTGdbe/AWYJkLNZCq1GGNnyCgQS.C/wdhn04i",
            "id": "none",
            "keepers": null,
            "length": 10,
            "lower": true,
            "min_lower": 0,
            "min_numeric": 0,
            "min_special": 0,
            "min_upper": 0,
            "number": true,
            "numeric": true,
            "override_special": null,
            "result": "RWt3x3-dG=",
            "special": true,
            "upper": true
          },
          "sensitive_attributes": []
        }
      ]
    }
  ],
  "check_results": null
}
