{
  "version": 4,
  "terraform_version": "1.3.10",
  "serial": 2,
  "lineage": "e315db78-588a-13ab-b903-408ca62fb9ae",
  "outputs": {
    "filename": {
      "value": "0a0a9f2a6772942557ab5355d76af442f8f65e01",
      "type": "string"
    }
  },
  "resources": [
    {
      "mode": "managed",
      "type": "local_file",
      "name": "writer",
      "provider": "provider[\"registry.terraform.io/hashicorp/local\"]",
      "instances": [
        {
          "schema_version": 0,
          "attributes": {
            "content": "Hello, World!",
            "content_base64": null,
            "content_base64sha256": "3/1gIbsr1bCvZ2KQgJ7DpTGR3YHH9wpLKGiKNiGCmG8=",
            "content_base64sha512": "N015SpXNz9izWZMYX++bo2jxYNja9DLQi6nx7R5avmzGkpHg+i/gAGpSVw7xjBne9OYXwzzlLvCm5fvjGMsDhw==",
            "content_md5": "65a8e27d8879283831b664bd8b7f0ad4",
            "content_sha1": "0a0a9f2a6772942557ab5355d76af442f8f65e01",
            "content_sha256": "dffd6021bb2bd5b0af676290809ec3a53191dd81c7f70a4b28688a362182986f",
            "content_sha512": "374d794a95cdcfd8b35993185fef9ba368f160d8daf432d08ba9f1ed1e5abe6cc69291e0fa2fe0006a52570ef18c19def4e617c33ce52ef0a6e5fbe318cb0387",
            "directory_permission": "0777",
            "file_permission": "0777",
            "filename": "output.txt",
            "id": "0a0a9f2a6772942557ab5355d76af442f8f65e01",
            "sensitive_content": null,
            "source": null
          },
          "sensitive_attributes": []
        }
      ]
    }
  ],
  "check_results": null
}
