{
  "version": 4,
  "terraform_version": "1.3.10",
  "serial": 8,
  "lineage": "286134ca-5b9f-4efc-811e-b5d5ca966eb7",
  "outputs": {},
  "resources": [
    {
      "mode": "managed",
      "type": "local_file",
      "name": "writer",
      "provider": "provider[\"registry.terraform.io/hashicorp/local\"]",
      "instances": [
        {
          "index_key": "flutter",
          "schema_version": 0,
          "attributes": {
            "content": "this is just a dummy content",
            "content_base64": null,
            "content_base64sha256": "6HSlOx8uiIOdjUEWDz8c+czWf5vWCxf1XPByfKiAB04=",
            "content_base64sha512": "vzIQsXMFW9BaoLHOAdg96zGM02siXtUnTKDtD/u0nhQ/w55F+/WyAJFVJEUij1dKE6Jx06FU39LslVn5j7C7XQ==",
            "content_md5": "538a88db8d8ebf81ddd83e21ab55130e",
            "content_sha1": "d0ace2fc9d604297c1a86308fd93f9745ae98aab",
            "content_sha256": "e874a53b1f2e88839d8d41160f3f1cf9ccd67f9bd60b17f55cf0727ca880074e",
            "content_sha512": "bf3210b173055bd05aa0b1ce01d83deb318cd36b225ed5274ca0ed0ffbb49e143fc39e45fbf5b20091552445228f574a13a271d3a154dfd2ec9559f98fb0bb5d",
            "directory_permission": "0777",
            "file_permission": "0777",
            "filename": "contents-flutter",
            "id": "d0ace2fc9d604297c1a86308fd93f9745ae98aab",
            "sensitive_content": null,
            "source": null
          },
          "sensitive_attributes": []
        },
        {
          "index_key": "golang",
          "schema_version": 0,
          "attributes": {
            "content": "this is just a dummy content",
            "content_base64": null,
            "content_base64sha256": "6HSlOx8uiIOdjUEWDz8c+czWf5vWCxf1XPByfKiAB04=",
            "content_base64sha512": "vzIQsXMFW9BaoLHOAdg96zGM02siXtUnTKDtD/u0nhQ/w55F+/WyAJFVJEUij1dKE6Jx06FU39LslVn5j7C7XQ==",
            "content_md5": "538a88db8d8ebf81ddd83e21ab55130e",
            "content_sha1": "d0ace2fc9d604297c1a86308fd93f9745ae98aab",
            "content_sha256": "e874a53b1f2e88839d8d41160f3f1cf9ccd67f9bd60b17f55cf0727ca880074e",
            "content_sha512": "bf3210b173055bd05aa0b1ce01d83deb318cd36b225ed5274ca0ed0ffbb49e143fc39e45fbf5b20091552445228f574a13a271d3a154dfd2ec9559f98fb0bb5d",
            "directory_permission": "0777",
            "file_permission": "0777",
            "filename": "contents-golang",
            "id": "d0ace2fc9d604297c1a86308fd93f9745ae98aab",
            "sensitive_content": null,
            "source": null
          },
          "sensitive_attributes": []
        },
        {
          "index_key": "react-js",
          "schema_version": 0,
          "attributes": {
            "content": "this is just a dummy content",
            "content_base64": null,
            "content_base64sha256": "6HSlOx8uiIOdjUEWDz8c+czWf5vWCxf1XPByfKiAB04=",
            "content_base64sha512": "vzIQsXMFW9BaoLHOAdg96zGM02siXtUnTKDtD/u0nhQ/w55F+/WyAJFVJEUij1dKE6Jx06FU39LslVn5j7C7XQ==",
            "content_md5": "538a88db8d8ebf81ddd83e21ab55130e",
            "content_sha1": "d0ace2fc9d604297c1a86308fd93f9745ae98aab",
            "content_sha256": "e874a53b1f2e88839d8d41160f3f1cf9ccd67f9bd60b17f55cf0727ca880074e",
            "content_sha512": "bf3210b173055bd05aa0b1ce01d83deb318cd36b225ed5274ca0ed0ffbb49e143fc39e45fbf5b20091552445228f574a13a271d3a154dfd2ec9559f98fb0bb5d",
            "directory_permission": "0777",
            "file_permission": "0777",
            "filename": "contents-react-js",
            "id": "d0ace2fc9d604297c1a86308fd93f9745ae98aab",
            "sensitive_content": null,
            "source": null
          },
          "sensitive_attributes": []
        }
      ]
    }
  ],
  "check_results": null
}
