{
  "version": 4,
  "terraform_version": "1.3.10",
  "serial": 6,
  "lineage": "88110e78-905d-c225-eebb-b8afe88e182d",
  "outputs": {},
  "resources": [
    {
      "mode": "managed",
      "type": "local_file",
      "name": "importer",
      "provider": "provider[\"registry.terraform.io/hashicorp/local\"]",
      "instances": [
        {
          "schema_version": 0,
          "attributes": {
            "content": "output:Mr.-presumably-rationally-gradually-firmly-specially-secretly-remarkably-smoothly-wealthy-stud",
            "content_base64": null,
            "content_base64sha256": "6GmwLmvrbtyy5FRps4Gb6+aAjBFJc4L/BVbawqlJNWU=",
            "content_base64sha512": "RTcD4a+8saTE5sSbeQGtJYqQIx8Q+2XmQ2wfoB2d/IYIAOpHBmgf2+WH6fgmkhaHr9ZxtqNjrj1PVcxacbtehQ==",
            "content_md5": "1f522446552cd139615d40ce0e656dfd",
            "content_sha1": "29a2ef8e4a005c0a6bcf81c960f1cba6c9f11124",
            "content_sha256": "e869b02e6beb6edcb2e45469b3819bebe6808c11497382ff0556dac2a9493565",
            "content_sha512": "453703e1afbcb1a4c4e6c49b7901ad258a90231f10fb65e6436c1fa01d9dfc860800ea4706681fdbe587e9f826921687afd671b6a363ae3d4f55cc5a71bb5e85",
            "directory_permission": "0777",
            "file_permission": "0777",
            "filename": "result-output.txt",
            "id": "29a2ef8e4a005c0a6bcf81c960f1cba6c9f11124",
            "sensitive_content": null,
            "source": null
          },
          "sensitive_attributes": [],
          "dependencies": [
            "random_pet.pet"
          ]
        }
      ]
    },
    {
      "mode": "managed",
      "type": "random_pet",
      "name": "pet",
      "provider": "provider[\"registry.terraform.io/hashicorp/random\"]",
      "instances": [
        {
          "schema_version": 0,
          "attributes": {
            "id": "Mr.-presumably-rationally-gradually-firmly-specially-secretly-remarkably-smoothly-wealthy-stud",
            "keepers": null,
            "length": 10,
            "prefix": "Mr.",
            "separator": "-"
          },
          "sensitive_attributes": []
        }
      ]
    }
  ],
  "check_results": null
}
