{
  "version": 4,
  "terraform_version": "1.3.10",
  "serial": 6,
  "lineage": "659d084d-7a85-047d-303c-abed6a6f08fa",
  "outputs": {},
  "resources": [
    {
      "mode": "data",
      "type": "local_file",
      "name": "source",
      "provider": "provider[\"registry.terraform.io/hashicorp/local\"]",
      "instances": [
        {
          "schema_version": 0,
          "attributes": {
            "content": "this-is-very-nice\n",
            "content_base64": "dGhpcy1pcy12ZXJ5LW5pY2UK",
            "content_base64sha256": "f13Xr+mZNT/5k2HOjnaEw8ZGGGayW7tJyDEBijT7MKQ=",
            "content_base64sha512": "9YIdxmMUHRq+iSvaMsqWjridpNpJCAnI010TWlBTVQhdZdu44Wv4Pe+lzAnZnNAHijOKlVdxtejyIsb+OTGGfg==",
            "content_md5": "5c055c1e98d561adec2128129764556e",
            "content_sha1": "fb06f07a016b7d57c8deef757171caa62ce98378",
            "content_sha256": "7f5dd7afe999353ff99361ce8e7684c3c6461866b25bbb49c831018a34fb30a4",
            "content_sha512": "f5821dc663141d1abe892bda32ca968eb89da4da490809c8d35d135a505355085d65dbb8e16bf83defa5cc09d99cd0078a338a955771b5e8f222c6fe3931867e",
            "filename": "demo.txt",
            "id": "fb06f07a016b7d57c8deef757171caa62ce98378"
          },
          "sensitive_attributes": []
        }
      ]
    },
    {
      "mode": "managed",
      "type": "local_file",
      "name": "importer",
      "provider": "provider[\"registry.terraform.io/hashicorp/local\"]",
      "instances": [
        {
          "schema_version": 0,
          "attributes": {
            "content": "this-is-very-nice\n",
            "content_base64": null,
            "content_base64sha256": "f13Xr+mZNT/5k2HOjnaEw8ZGGGayW7tJyDEBijT7MKQ=",
            "content_base64sha512": "9YIdxmMUHRq+iSvaMsqWjridpNpJCAnI010TWlBTVQhdZdu44Wv4Pe+lzAnZnNAHijOKlVdxtejyIsb+OTGGfg==",
            "content_md5": "5c055c1e98d561adec2128129764556e",
            "content_sha1": "fb06f07a016b7d57c8deef757171caa62ce98378",
            "content_sha256": "7f5dd7afe999353ff99361ce8e7684c3c6461866b25bbb49c831018a34fb30a4",
            "content_sha512": "f5821dc663141d1abe892bda32ca968eb89da4da490809c8d35d135a505355085d65dbb8e16bf83defa5cc09d99cd0078a338a955771b5e8f222c6fe3931867e",
            "directory_permission": "0777",
            "file_permission": "0777",
            "filename": "results.txt",
            "id": "fb06f07a016b7d57c8deef757171caa62ce98378",
            "sensitive_content": null,
            "source": null
          },
          "sensitive_attributes": [],
          "dependencies": [
            "data.local_file.source"
          ],
          "create_before_destroy": true
        }
      ]
    }
  ],
  "check_results": null
}
