{
  "version": 4,
  "terraform_version": "1.3.10",
  "serial": 5,
  "lineage": "a80b449e-c8e3-3658-2049-dcbcf3e7f83a",
  "outputs": {},
  "resources": [
    {
      "mode": "managed",
      "type": "local_file",
      "name": "writer",
      "provider": "provider[\"registry.terraform.io/hashicorp/local\"]",
      "instances": [
        {
          "schema_version": 0,
          "attributes": {
            "content": "this-is-a-random-file-content",
            "content_base64": null,
            "content_base64sha256": "aEm+qKiHnBf9hYjCjY1aXgkZCVlsBT9X7a/TOOKCqoQ=",
            "content_base64sha512": "zjB9qKwlq8+TNp2xScUxBI9ceC6i7M+qzx8s3E1BepvenEPkvm4nbHMlBmR/oAmHi708NhzJEO4M4Y83jQWaXg==",
            "content_md5": "535149ca10c3e92804fe869e521f4371",
            "content_sha1": "70b1f5fc3a014e0560dc9322e288cff998e863b1",
            "content_sha256": "6849bea8a8879c17fd8588c28d8d5a5e091909596c053f57edafd338e282aa84",
            "content_sha512": "ce307da8ac25abcf93369db149c531048f5c782ea2eccfaacf1f2cdc4d417a9bde9c43e4be6e276c732506647fa009878bbd3c361cc910ee0ce18f378d059a5e",
            "directory_permission": "0777",
            "file_permission": "0777",
            "filename": "skill.txt",
            "id": "70b1f5fc3a014e0560dc9322e288cff998e863b1",
            "sensitive_content": null,
            "source": null
          },
          "sensitive_attributes": []
        }
      ]
    }
  ],
  "check_results": null
}
